
Microsoft Visual Studio Solution File, Format Version 12.00
# Visual Studio 15
VisualStudioVersion = 15.0.26124.0
MinimumVisualStudioVersion = 15.0.26124.0
Project("{FAE04EC0-301F-11D3-BF4B-00C04F79EFBC}") = "Sharpy", "Sharpy\Sharpy.csproj", "{16FF42FD-2F1F-4623-97E5-202C68A5DC91}"
EndProject
Project("{FAE04EC0-301F-11D3-BF4B-00C04F79EFBC}") = "SharpyTest", "SharpyTest\SharpyTest.csproj", "{E4DEAD8B-BF50-435C-9ED6-6403B9809393}"
EndProject
Global
	GlobalSection(SolutionConfigurationPlatforms) = preSolution
		Debug|Any CPU = Debug|Any CPU
		Debug|x64 = Debug|x64
		Debug|x86 = Debug|x86
		Release|Any CPU = Release|Any CPU
		Release|x64 = Release|x64
		Release|x86 = Release|x86
	EndGlobalSection
	GlobalSection(SolutionProperties) = preSolution
		HideSolutionNode = FALSE
	EndGlobalSection
	GlobalSection(ProjectConfigurationPlatforms) = postSolution
		{16FF42FD-2F1F-4623-97E5-202C68A5DC91}.Debug|Any CPU.ActiveCfg = Debug|Any CPU
		{16FF42FD-2F1F-4623-97E5-202C68A5DC91}.Debug|Any CPU.Build.0 = Debug|Any CPU
		{16FF42FD-2F1F-4623-97E5-202C68A5DC91}.Debug|x64.ActiveCfg = Debug|Any CPU
		{16FF42FD-2F1F-4623-97E5-202C68A5DC91}.Debug|x64.Build.0 = Debug|Any CPU
		{16FF42FD-2F1F-4623-97E5-202C68A5DC91}.Debug|x86.ActiveCfg = Debug|Any CPU
		{16FF42FD-2F1F-4623-97E5-202C68A5DC91}.Debug|x86.Build.0 = Debug|Any CPU
		{16FF42FD-2F1F-4623-97E5-202C68A5DC91}.Release|Any CPU.ActiveCfg = Release|Any CPU
		{16FF42FD-2F1F-4623-97E5-202C68A5DC91}.Release|Any CPU.Build.0 = Release|Any CPU
		{16FF42FD-2F1F-4623-97E5-202C68A5DC91}.Release|x64.ActiveCfg = Release|Any CPU
		{16FF42FD-2F1F-4623-97E5-202C68A5DC91}.Release|x64.Build.0 = Release|Any CPU
		{16FF42FD-2F1F-4623-97E5-202C68A5DC91}.Release|x86.ActiveCfg = Release|Any CPU
		{16FF42FD-2F1F-4623-97E5-202C68A5DC91}.Release|x86.Build.0 = Release|Any CPU
		{E4DEAD8B-BF50-435C-9ED6-6403B9809393}.Debug|Any CPU.ActiveCfg = Debug|Any CPU
		{E4DEAD8B-BF50-435C-9ED6-6403B9809393}.Debug|Any CPU.Build.0 = Debug|Any CPU
		{E4DEAD8B-BF50-435C-9ED6-6403B9809393}.Debug|x64.ActiveCfg = Debug|Any CPU
		{E4DEAD8B-BF50-435C-9ED6-6403B9809393}.Debug|x64.Build.0 = Debug|Any CPU
		{E4DEAD8B-BF50-435C-9ED6-6403B9809393}.Debug|x86.ActiveCfg = Debug|Any CPU
		{E4DEAD8B-BF50-435C-9ED6-6403B9809393}.Debug|x86.Build.0 = Debug|Any CPU
		{E4DEAD8B-BF50-435C-9ED6-6403B9809393}.Release|Any CPU.ActiveCfg = Release|Any CPU
		{E4DEAD8B-BF50-435C-9ED6-6403B9809393}.Release|Any CPU.Build.0 = Release|Any CPU
		{E4DEAD8B-BF50-435C-9ED6-6403B9809393}.Release|x64.ActiveCfg = Release|Any CPU
		{E4DEAD8B-BF50-435C-9ED6-6403B9809393}.Release|x64.Build.0 = Release|Any CPU
		{E4DEAD8B-BF50-435C-9ED6-6403B9809393}.Release|x86.ActiveCfg = Release|Any CPU
		{E4DEAD8B-BF50-435C-9ED6-6403B9809393}.Release|x86.Build.0 = Release|Any CPU
	EndGlobalSection
EndGlobal
